
Microsoft Visual Studio Solution File, Format Version 12.00
# Visual Studio Version 17
VisualStudioVersion = 17.12.35707.178
MinimumVisualStudioVersion = 10.0.40219.1
Project("{FAE04EC0-301F-11D3-BF4B-00C04F79EFBC}") = "OC.LUAC.ObjectLayer", "OC.LUAC.ObjectLayer\OC.LUAC.ObjectLayer.csproj", "{DF63E96D-D222-484C-93D3-E933FB1718A9}"
EndProject
Project("{FAE04EC0-301F-11D3-BF4B-00C04F79EFBC}") = "OC.LUAC.DataLayer", "OC.LUAC.DataLayer\OC.LUAC.DataLayer.csproj", "{3BE4B094-2684-4D8B-84DC-D2E1EE0FE88C}"
EndProject
Project("{FAE04EC0-301F-11D3-BF4B-00C04F79EFBC}") = "OC.LUAC.ServiceLayer", "OC.LUAC.ServiceLayer\OC.LUAC.ServiceLayer.csproj", "{FF0D5EAF-2DD5-490A-96B8-ED760B56F2C7}"
EndProject
Project("{FAE04EC0-301F-11D3-BF4B-00C04F79EFBC}") = "OC.LUAC.ApiLayer", "OC.LUAC.ApiLayer\OC.LUAC.ApiLayer.csproj", "{1DB64F6F-C825-4248-9993-FD7B69633A8C}"
EndProject
Project("{FAE04EC0-301F-11D3-BF4B-00C04F79EFBC}") = "OC.LUAC.UiLayer", "OC.LUAC.UiLayer\OC.LUAC.UiLayer.csproj", "{BB222A5A-E2DA-487E-AB5F-E9BB9164E7EB}"
EndProject
Global
	GlobalSection(SolutionConfigurationPlatforms) = preSolution
		Debug|Any CPU = Debug|Any CPU
		Release|Any CPU = Release|Any CPU
	EndGlobalSection
	GlobalSection(ProjectConfigurationPlatforms) = postSolution
		{DF63E96D-D222-484C-93D3-E933FB1718A9}.Debug|Any CPU.ActiveCfg = Debug|Any CPU
		{DF63E96D-D222-484C-93D3-E933FB1718A9}.Debug|Any CPU.Build.0 = Debug|Any CPU
		{DF63E96D-D222-484C-93D3-E933FB1718A9}.Release|Any CPU.ActiveCfg = Release|Any CPU
		{DF63E96D-D222-484C-93D3-E933FB1718A9}.Release|Any CPU.Build.0 = Release|Any CPU
		{3BE4B094-2684-4D8B-84DC-D2E1EE0FE88C}.Debug|Any CPU.ActiveCfg = Debug|Any CPU
		{3BE4B094-2684-4D8B-84DC-D2E1EE0FE88C}.Debug|Any CPU.Build.0 = Debug|Any CPU
		{3BE4B094-2684-4D8B-84DC-D2E1EE0FE88C}.Release|Any CPU.ActiveCfg = Release|Any CPU
		{3BE4B094-2684-4D8B-84DC-D2E1EE0FE88C}.Release|Any CPU.Build.0 = Release|Any CPU
		{FF0D5EAF-2DD5-490A-96B8-ED760B56F2C7}.Debug|Any CPU.ActiveCfg = Debug|Any CPU
		{FF0D5EAF-2DD5-490A-96B8-ED760B56F2C7}.Debug|Any CPU.Build.0 = Debug|Any CPU
		{FF0D5EAF-2DD5-490A-96B8-ED760B56F2C7}.Release|Any CPU.ActiveCfg = Release|Any CPU
		{FF0D5EAF-2DD5-490A-96B8-ED760B56F2C7}.Release|Any CPU.Build.0 = Release|Any CPU
		{1DB64F6F-C825-4248-9993-FD7B69633A8C}.Debug|Any CPU.ActiveCfg = Debug|Any CPU
		{1DB64F6F-C825-4248-9993-FD7B69633A8C}.Debug|Any CPU.Build.0 = Debug|Any CPU
		{1DB64F6F-C825-4248-9993-FD7B69633A8C}.Release|Any CPU.ActiveCfg = Release|Any CPU
		{1DB64F6F-C825-4248-9993-FD7B69633A8C}.Release|Any CPU.Build.0 = Release|Any CPU
		{BB222A5A-E2DA-487E-AB5F-E9BB9164E7EB}.Debug|Any CPU.ActiveCfg = Debug|Any CPU
		{BB222A5A-E2DA-487E-AB5F-E9BB9164E7EB}.Debug|Any CPU.Build.0 = Debug|Any CPU
		{BB222A5A-E2DA-487E-AB5F-E9BB9164E7EB}.Release|Any CPU.ActiveCfg = Release|Any CPU
		{BB222A5A-E2DA-487E-AB5F-E9BB9164E7EB}.Release|Any CPU.Build.0 = Release|Any CPU
	EndGlobalSection
	GlobalSection(SolutionProperties) = preSolution
		HideSolutionNode = FALSE
	EndGlobalSection
EndGlobal
